
Microsoft Visual Studio Solution File, Format Version 12.00
# Visual Studio 15
VisualStudioVersion = 15.0.27703.2042
MinimumVisualStudioVersion = 10.0.40219.1
Project("{FAE04EC0-301F-11D3-BF4B-00C04F79EFBC}") = "SaudsGoogleDomainsDynamicDNSUpdater", "SaudsGoogleDomainsDynamicDNSUpdater\SaudsGoogleDomainsDynamicDNSUpdater.csproj", "{9C643FB7-C8BF-45A5-B20C-16B8B178DE3D}"
EndProject
Global
	GlobalSection(SolutionConfigurationPlatforms) = preSolution
		Debug|Any CPU = Debug|Any CPU
		Release|Any CPU = Release|Any CPU
	EndGlobalSection
	GlobalSection(ProjectConfigurationPlatforms) = postSolution
		{9C643FB7-C8BF-45A5-B20C-16B8B178DE3D}.Debug|Any CPU.ActiveCfg = Debug|Any CPU
		{9C643FB7-C8BF-45A5-B20C-16B8B178DE3D}.Debug|Any CPU.Build.0 = Debug|Any CPU
		{9C643FB7-C8BF-45A5-B20C-16B8B178DE3D}.Release|Any CPU.ActiveCfg = Release|Any CPU
		{9C643FB7-C8BF-45A5-B20C-16B8B178DE3D}.Release|Any CPU.Build.0 = Release|Any CPU
	EndGlobalSection
	GlobalSection(SolutionProperties) = preSolution
		HideSolutionNode = FALSE
	EndGlobalSection
	GlobalSection(ExtensibilityGlobals) = postSolution
		SolutionGuid = {2BF53CDA-5B46-4C66-961B-D62776114C01}
	EndGlobalSection
EndGlobal
